
Microsoft Visual Studio Solution File, Format Version 12.00
# Visual Studio Version 17
VisualStudioVersion = 17.8.34330.188
MinimumVisualStudioVersion = 10.0.40219.1
Project("{8BC9CEB8-8B4A-11D0-8D11-00A0C91BC942}") = "10장_그래프", "10장_리스트\10장_리스트.vcxproj", "{ECEEDCC5-1CEA-4133-821E-E5B756746E8E}"
EndProject
Project("{8BC9CEB8-8B4A-11D0-8D11-00A0C91BC942}") = "10장_그래프2", "10장_리스트2\10장_리스트2.vcxproj", "{6C705416-A967-4057-8DF7-A4CCF5786FA4}"
EndProject
Project("{8BC9CEB8-8B4A-11D0-8D11-00A0C91BC942}") = "10장_그래프3", "10장_그래프3\10장_그래프3.vcxproj", "{C638ABCB-8259-4516-8A6D-5CE92FFB072B}"
EndProject
Project("{8BC9CEB8-8B4A-11D0-8D11-00A0C91BC942}") = "10장_그래프4", "10장_그래프4\10장_그래프4.vcxproj", "{9B984631-45E3-4DD6-B78E-04D34C183CE8}"
EndProject
Project("{8BC9CEB8-8B4A-11D0-8D11-00A0C91BC942}") = "11장 연습문제 예제", "11장 연습문제 예제\11장 연습문제 예제.vcxproj", "{3CF96110-469A-4312-980E-197482AB99E4}"
EndProject
Project("{8BC9CEB8-8B4A-11D0-8D11-00A0C91BC942}") = "10장_그래프5", "10장_그래프5\10장_그래프5.vcxproj", "{E229F505-5F18-491B-9E93-5F1D02414CEC}"
EndProject
Project("{8BC9CEB8-8B4A-11D0-8D11-00A0C91BC942}") = "정렬1", "정렬1\정렬1.vcxproj", "{EAEA7720-67B7-4877-96D8-4D1119BAAD2F}"
EndProject
Project("{8BC9CEB8-8B4A-11D0-8D11-00A0C91BC942}") = "정렬2_1", "정렬2\정렬2.vcxproj", "{A712EC05-367D-4DBB-93FB-51BFFE42E5AB}"
EndProject
Project("{8BC9CEB8-8B4A-11D0-8D11-00A0C91BC942}") = "정렬2_2", "정렬2_@\정렬2_@.vcxproj", "{814ED0BD-B8B1-4797-8B40-0CD1672E71B5}"
EndProject
Project("{8BC9CEB8-8B4A-11D0-8D11-00A0C91BC942}") = "정렬2_3", "정렬2_3\정렬2_3.vcxproj", "{FE8CAB90-4F5F-4333-9346-C0DCFBF81582}"
EndProject
Project("{8BC9CEB8-8B4A-11D0-8D11-00A0C91BC942}") = "13장_탐색", "13장_탐색\13장_탐색.vcxproj", "{91BA7531-94DB-4575-AF9B-9A705B8812E1}"
EndProject
Project("{8BC9CEB8-8B4A-11D0-8D11-00A0C91BC942}") = "13장_해싱", "13장_해싱\13장_해싱.vcxproj", "{B5F5918E-E861-4F06-ABF8-1F6B338FE16D}"
EndProject
Global
	GlobalSection(SolutionConfigurationPlatforms) = preSolution
		Debug|x64 = Debug|x64
		Debug|x86 = Debug|x86
		Release|x64 = Release|x64
		Release|x86 = Release|x86
	EndGlobalSection
	GlobalSection(ProjectConfigurationPlatforms) = postSolution
		{ECEEDCC5-1CEA-4133-821E-E5B756746E8E}.Debug|x64.ActiveCfg = Debug|x64
		{ECEEDCC5-1CEA-4133-821E-E5B756746E8E}.Debug|x64.Build.0 = Debug|x64
		{ECEEDCC5-1CEA-4133-821E-E5B756746E8E}.Debug|x86.ActiveCfg = Debug|Win32
		{ECEEDCC5-1CEA-4133-821E-E5B756746E8E}.Debug|x86.Build.0 = Debug|Win32
		{ECEEDCC5-1CEA-4133-821E-E5B756746E8E}.Release|x64.ActiveCfg = Release|x64
		{ECEEDCC5-1CEA-4133-821E-E5B756746E8E}.Release|x64.Build.0 = Release|x64
		{ECEEDCC5-1CEA-4133-821E-E5B756746E8E}.Release|x86.ActiveCfg = Release|Win32
		{ECEEDCC5-1CEA-4133-821E-E5B756746E8E}.Release|x86.Build.0 = Release|Win32
		{6C705416-A967-4057-8DF7-A4CCF5786FA4}.Debug|x64.ActiveCfg = Debug|x64
		{6C705416-A967-4057-8DF7-A4CCF5786FA4}.Debug|x64.Build.0 = Debug|x64
		{6C705416-A967-4057-8DF7-A4CCF5786FA4}.Debug|x86.ActiveCfg = Debug|Win32
		{6C705416-A967-4057-8DF7-A4CCF5786FA4}.Debug|x86.Build.0 = Debug|Win32
		{6C705416-A967-4057-8DF7-A4CCF5786FA4}.Release|x64.ActiveCfg = Release|x64
		{6C705416-A967-4057-8DF7-A4CCF5786FA4}.Release|x64.Build.0 = Release|x64
		{6C705416-A967-4057-8DF7-A4CCF5786FA4}.Release|x86.ActiveCfg = Release|Win32
		{6C705416-A967-4057-8DF7-A4CCF5786FA4}.Release|x86.Build.0 = Release|Win32
		{C638ABCB-8259-4516-8A6D-5CE92FFB072B}.Debug|x64.ActiveCfg = Debug|x64
		{C638ABCB-8259-4516-8A6D-5CE92FFB072B}.Debug|x64.Build.0 = Debug|x64
		{C638ABCB-8259-4516-8A6D-5CE92FFB072B}.Debug|x86.ActiveCfg = Debug|Win32
		{C638ABCB-8259-4516-8A6D-5CE92FFB072B}.Debug|x86.Build.0 = Debug|Win32
		{C638ABCB-8259-4516-8A6D-5CE92FFB072B}.Release|x64.ActiveCfg = Release|x64
		{C638ABCB-8259-4516-8A6D-5CE92FFB072B}.Release|x64.Build.0 = Release|x64
		{C638ABCB-8259-4516-8A6D-5CE92FFB072B}.Release|x86.ActiveCfg = Release|Win32
		{C638ABCB-8259-4516-8A6D-5CE92FFB072B}.Release|x86.Build.0 = Release|Win32
		{9B984631-45E3-4DD6-B78E-04D34C183CE8}.Debug|x64.ActiveCfg = Debug|x64
		{9B984631-45E3-4DD6-B78E-04D34C183CE8}.Debug|x64.Build.0 = Debug|x64
		{9B984631-45E3-4DD6-B78E-04D34C183CE8}.Debug|x86.ActiveCfg = Debug|Win32
		{9B984631-45E3-4DD6-B78E-04D34C183CE8}.Debug|x86.Build.0 = Debug|Win32
		{9B984631-45E3-4DD6-B78E-04D34C183CE8}.Release|x64.ActiveCfg = Release|x64
		{9B984631-45E3-4DD6-B78E-04D34C183CE8}.Release|x64.Build.0 = Release|x64
		{9B984631-45E3-4DD6-B78E-04D34C183CE8}.Release|x86.ActiveCfg = Release|Win32
		{9B984631-45E3-4DD6-B78E-04D34C183CE8}.Release|x86.Build.0 = Release|Win32
		{3CF96110-469A-4312-980E-197482AB99E4}.Debug|x64.ActiveCfg = Debug|x64
		{3CF96110-469A-4312-980E-197482AB99E4}.Debug|x64.Build.0 = Debug|x64
		{3CF96110-469A-4312-980E-197482AB99E4}.Debug|x86.ActiveCfg = Debug|Win32
		{3CF96110-469A-4312-980E-197482AB99E4}.Debug|x86.Build.0 = Debug|Win32
		{3CF96110-469A-4312-980E-197482AB99E4}.Release|x64.ActiveCfg = Release|x64
		{3CF96110-469A-4312-980E-197482AB99E4}.Release|x64.Build.0 = Release|x64
		{3CF96110-469A-4312-980E-197482AB99E4}.Release|x86.ActiveCfg = Release|Win32
		{3CF96110-469A-4312-980E-197482AB99E4}.Release|x86.Build.0 = Release|Win32
		{E229F505-5F18-491B-9E93-5F1D02414CEC}.Debug|x64.ActiveCfg = Debug|x64
		{E229F505-5F18-491B-9E93-5F1D02414CEC}.Debug|x64.Build.0 = Debug|x64
		{E229F505-5F18-491B-9E93-5F1D02414CEC}.Debug|x86.ActiveCfg = Debug|Win32
		{E229F505-5F18-491B-9E93-5F1D02414CEC}.Debug|x86.Build.0 = Debug|Win32
		{E229F505-5F18-491B-9E93-5F1D02414CEC}.Release|x64.ActiveCfg = Release|x64
		{E229F505-5F18-491B-9E93-5F1D02414CEC}.Release|x64.Build.0 = Release|x64
		{E229F505-5F18-491B-9E93-5F1D02414CEC}.Release|x86.ActiveCfg = Release|Win32
		{E229F505-5F18-491B-9E93-5F1D02414CEC}.Release|x86.Build.0 = Release|Win32
		{EAEA7720-67B7-4877-96D8-4D1119BAAD2F}.Debug|x64.ActiveCfg = Debug|x64
		{EAEA7720-67B7-4877-96D8-4D1119BAAD2F}.Debug|x64.Build.0 = Debug|x64
		{EAEA7720-67B7-4877-96D8-4D1119BAAD2F}.Debug|x86.ActiveCfg = Debug|Win32
		{EAEA7720-67B7-4877-96D8-4D1119BAAD2F}.Debug|x86.Build.0 = Debug|Win32
		{EAEA7720-67B7-4877-96D8-4D1119BAAD2F}.Release|x64.ActiveCfg = Release|x64
		{EAEA7720-67B7-4877-96D8-4D1119BAAD2F}.Release|x64.Build.0 = Release|x64
		{EAEA7720-67B7-4877-96D8-4D1119BAAD2F}.Release|x86.ActiveCfg = Release|Win32
		{EAEA7720-67B7-4877-96D8-4D1119BAAD2F}.Release|x86.Build.0 = Release|Win32
		{A712EC05-367D-4DBB-93FB-51BFFE42E5AB}.Debug|x64.ActiveCfg = Debug|x64
		{A712EC05-367D-4DBB-93FB-51BFFE42E5AB}.Debug|x64.Build.0 = Debug|x64
		{A712EC05-367D-4DBB-93FB-51BFFE42E5AB}.Debug|x86.ActiveCfg = Debug|Win32
		{A712EC05-367D-4DBB-93FB-51BFFE42E5AB}.Debug|x86.Build.0 = Debug|Win32
		{A712EC05-367D-4DBB-93FB-51BFFE42E5AB}.Release|x64.ActiveCfg = Release|x64
		{A712EC05-367D-4DBB-93FB-51BFFE42E5AB}.Release|x64.Build.0 = Release|x64
		{A712EC05-367D-4DBB-93FB-51BFFE42E5AB}.Release|x86.ActiveCfg = Release|Win32
		{A712EC05-367D-4DBB-93FB-51BFFE42E5AB}.Release|x86.Build.0 = Release|Win32
		{814ED0BD-B8B1-4797-8B40-0CD1672E71B5}.Debug|x64.ActiveCfg = Debug|x64
		{814ED0BD-B8B1-4797-8B40-0CD1672E71B5}.Debug|x64.Build.0 = Debug|x64
		{814ED0BD-B8B1-4797-8B40-0CD1672E71B5}.Debug|x86.ActiveCfg = Debug|Win32
		{814ED0BD-B8B1-4797-8B40-0CD1672E71B5}.Debug|x86.Build.0 = Debug|Win32
		{814ED0BD-B8B1-4797-8B40-0CD1672E71B5}.Release|x64.ActiveCfg = Release|x64
		{814ED0BD-B8B1-4797-8B40-0CD1672E71B5}.Release|x64.Build.0 = Release|x64
		{814ED0BD-B8B1-4797-8B40-0CD1672E71B5}.Release|x86.ActiveCfg = Release|Win32
		{814ED0BD-B8B1-4797-8B40-0CD1672E71B5}.Release|x86.Build.0 = Release|Win32
		{FE8CAB90-4F5F-4333-9346-C0DCFBF81582}.Debug|x64.ActiveCfg = Debug|x64
		{FE8CAB90-4F5F-4333-9346-C0DCFBF81582}.Debug|x64.Build.0 = Debug|x64
		{FE8CAB90-4F5F-4333-9346-C0DCFBF81582}.Debug|x86.ActiveCfg = Debug|Win32
		{FE8CAB90-4F5F-4333-9346-C0DCFBF81582}.Debug|x86.Build.0 = Debug|Win32
		{FE8CAB90-4F5F-4333-9346-C0DCFBF81582}.Release|x64.ActiveCfg = Release|x64
		{FE8CAB90-4F5F-4333-9346-C0DCFBF81582}.Release|x64.Build.0 = Release|x64
		{FE8CAB90-4F5F-4333-9346-C0DCFBF81582}.Release|x86.ActiveCfg = Release|Win32
		{FE8CAB90-4F5F-4333-9346-C0DCFBF81582}.Release|x86.Build.0 = Release|Win32
		{91BA7531-94DB-4575-AF9B-9A705B8812E1}.Debug|x64.ActiveCfg = Debug|x64
		{91BA7531-94DB-4575-AF9B-9A705B8812E1}.Debug|x64.Build.0 = Debug|x64
		{91BA7531-94DB-4575-AF9B-9A705B8812E1}.Debug|x86.ActiveCfg = Debug|Win32
		{91BA7531-94DB-4575-AF9B-9A705B8812E1}.Debug|x86.Build.0 = Debug|Win32
		{91BA7531-94DB-4575-AF9B-9A705B8812E1}.Release|x64.ActiveCfg = Release|x64
		{91BA7531-94DB-4575-AF9B-9A705B8812E1}.Release|x64.Build.0 = Release|x64
		{91BA7531-94DB-4575-AF9B-9A705B8812E1}.Release|x86.ActiveCfg = Release|Win32
		{91BA7531-94DB-4575-AF9B-9A705B8812E1}.Release|x86.Build.0 = Release|Win32
		{B5F5918E-E861-4F06-ABF8-1F6B338FE16D}.Debug|x64.ActiveCfg = Debug|x64
		{B5F5918E-E861-4F06-ABF8-1F6B338FE16D}.Debug|x64.Build.0 = Debug|x64
		{B5F5918E-E861-4F06-ABF8-1F6B338FE16D}.Debug|x86.ActiveCfg = Debug|Win32
		{B5F5918E-E861-4F06-ABF8-1F6B338FE16D}.Debug|x86.Build.0 = Debug|Win32
		{B5F5918E-E861-4F06-ABF8-1F6B338FE16D}.Release|x64.ActiveCfg = Release|x64
		{B5F5918E-E861-4F06-ABF8-1F6B338FE16D}.Release|x64.Build.0 = Release|x64
		{B5F5918E-E861-4F06-ABF8-1F6B338FE16D}.Release|x86.ActiveCfg = Release|Win32
		{B5F5918E-E861-4F06-ABF8-1F6B338FE16D}.Release|x86.Build.0 = Release|Win32
	EndGlobalSection
	GlobalSection(SolutionProperties) = preSolution
		HideSolutionNode = FALSE
	EndGlobalSection
	GlobalSection(ExtensibilityGlobals) = postSolution
		SolutionGuid = {BF9941CC-77BB-483B-966F-4CEC14D525B0}
	EndGlobalSection
EndGlobal
